<Solution>
  <Folder Name="/src/">
    <Project Path="src/DotSettings/DotSettings.csproj" />
    <Project Path="src/DotSettings.DependencyInjection/DotSettings.DependencyInjection.csproj" />
  </Folder>
  <Folder Name="/tests/">
    <Project Path="tests/DotSettings.Tests/DotSettings.Tests.csproj" />
  </Folder>
</Solution>
